{
	"name": "cosmograph_widget",
	"lockfileVersion": 3,
	"requires": true,
	"packages": {
		"": {
			"dependencies": {
				"@cosmograph/cosmograph": "^2.0.0-beta.5",
				"apache-arrow": "^17.0.0"
			},
			"devDependencies": {
				"@anywidget/types": "^0.2.0",
				"esbuild": "^0.23.1",
				"typescript": "^5.6.2"
			}
		},
		"node_modules/@anywidget/types": {
			"version": "0.2.0",
			"resolved": "https://registry.npmjs.org/@anywidget/types/-/types-0.2.0.tgz",
			"integrity": "sha512-+XtK4uwxRd4JpuevUMhirrbvC0V4yCA/i0lEjhmSAtOaxiXIg/vBKzaSonDuoZ1a9LEjUXTW2+m7w+ULgsJYvg==",
			"dev": true
		},
		"node_modules/@cosmograph/cosmograph": {
			"version": "2.0.0-beta.5",
			"resolved": "https://registry.npmjs.org/@cosmograph/cosmograph/-/cosmograph-2.0.0-beta.5.tgz",
			"integrity": "sha512-JBl7Hws6lVHx4gEwYoHR2e2I+Fp2kUPy60BtmeRW8dN5n5iY+EUXHiy0eBfQ1QxAn36FoqjMdnh5wShU0TjASg==",
			"license": "CC-BY-NC-4.0",
			"dependencies": {
				"@cosmograph/cosmos": "2.0.0-beta.9",
				"@cosmograph/ui": "2.0.0-beta.5",
				"@duckdb/duckdb-wasm": "1.28.1-dev258.0",
				"@interacta/css-labels": "^0.1.1",
				"@uwdata/mosaic-core": "^0.10.0",
				"@uwdata/mosaic-sql": "^0.10.0",
				"apache-arrow": "17.0.0",
				"d3-color": "^3.1.0",
				"throttle-debounce": "^5.0.0"
			}
		},
		"node_modules/@cosmograph/cosmos": {
			"version": "2.0.0-beta.9",
			"resolved": "https://registry.npmjs.org/@cosmograph/cosmos/-/cosmos-2.0.0-beta.9.tgz",
			"integrity": "sha512-+KhtcNDNwaK2ZB8amQWaEHA2XQX2KMOZ8iKimURPThfJFAR0cxTqAVvRsABtrLXVdeqVS+Vpqzn556PcYj2MEg==",
			"license": "CC-BY-NC-4.0",
			"dependencies": {
				"d3-array": "^3.2.0",
				"d3-color": "^3.1.0",
				"d3-drag": "^3.0.0",
				"d3-ease": "^3.0.1",
				"d3-scale": "^4.0.2",
				"d3-selection": "^3.0.0",
				"d3-transition": "^3.0.1",
				"d3-zoom": "^3.0.0",
				"gl-bench": "^1.0.42",
				"gl-matrix": "^3.4.3",
				"random": "^4.1.0",
				"regl": "^2.1.0"
			},
			"engines": {
				"node": ">=12.2.0",
				"npm": ">=7.0.0"
			}
		},
		"node_modules/@cosmograph/ui": {
			"version": "2.0.0-beta.5",
			"resolved": "https://registry.npmjs.org/@cosmograph/ui/-/ui-2.0.0-beta.5.tgz",
			"integrity": "sha512-JrjEuPKUbR8saspaxNSrczB17ri+3Pn3vRnB7UeWpPEAJOnwf5CWIWpDot41xuVQLJ3jHREmR4HgmNcxhWLnZQ==",
			"license": "CC-BY-NC-4.0",
			"dependencies": {
				"@juggle/resize-observer": "^3.4.0",
				"d3-array": "^3.2.4",
				"d3-axis": "^3.0.0",
				"d3-brush": "^3.0.0",
				"d3-format": "^3.1.0",
				"d3-scale": "^4.0.2",
				"d3-selection": "^3.0.0",
				"d3-time-format": "^4.1.0",
				"d3-transition": "^3.0.1"
			}
		},
		"node_modules/@duckdb/duckdb-wasm": {
			"version": "1.28.1-dev258.0",
			"resolved": "https://registry.npmjs.org/@duckdb/duckdb-wasm/-/duckdb-wasm-1.28.1-dev258.0.tgz",
			"integrity": "sha512-8aY2JEvrfTly6+PSqvNBfVHOQXZUy1wKW7CrqwXtym3GkLdahUqKVQqJNvk8exL9WjOU70TLAIGN5X2ONxr5lw==",
			"license": "MIT",
			"dependencies": {
				"apache-arrow": "^17.0.0"
			}
		},
		"node_modules/@esbuild/aix-ppc64": {
			"version": "0.23.1",
			"resolved": "https://registry.npmjs.org/@esbuild/aix-ppc64/-/aix-ppc64-0.23.1.tgz",
			"integrity": "sha512-6VhYk1diRqrhBAqpJEdjASR/+WVRtfjpqKuNw11cLiaWpAT/Uu+nokB+UJnevzy/P9C/ty6AOe0dwueMrGh/iQ==",
			"cpu": [
				"ppc64"
			],
			"dev": true,
			"license": "MIT",
			"optional": true,
			"os": [
				"aix"
			],
			"engines": {
				"node": ">=18"
			}
		},
		"node_modules/@esbuild/android-arm": {
			"version": "0.23.1",
			"resolved": "https://registry.npmjs.org/@esbuild/android-arm/-/android-arm-0.23.1.tgz",
			"integrity": "sha512-uz6/tEy2IFm9RYOyvKl88zdzZfwEfKZmnX9Cj1BHjeSGNuGLuMD1kR8y5bteYmwqKm1tj8m4cb/aKEorr6fHWQ==",
			"cpu": [
				"arm"
			],
			"dev": true,
			"license": "MIT",
			"optional": true,
			"os": [
				"android"
			],
			"engines": {
				"node": ">=18"
			}
		},
		"node_modules/@esbuild/android-arm64": {
			"version": "0.23.1",
			"resolved": "https://registry.npmjs.org/@esbuild/android-arm64/-/android-arm64-0.23.1.tgz",
			"integrity": "sha512-xw50ipykXcLstLeWH7WRdQuysJqejuAGPd30vd1i5zSyKK3WE+ijzHmLKxdiCMtH1pHz78rOg0BKSYOSB/2Khw==",
			"cpu": [
				"arm64"
			],
			"dev": true,
			"license": "MIT",
			"optional": true,
			"os": [
				"android"
			],
			"engines": {
				"node": ">=18"
			}
		},
		"node_modules/@esbuild/android-x64": {
			"version": "0.23.1",
			"resolved": "https://registry.npmjs.org/@esbuild/android-x64/-/android-x64-0.23.1.tgz",
			"integrity": "sha512-nlN9B69St9BwUoB+jkyU090bru8L0NA3yFvAd7k8dNsVH8bi9a8cUAUSEcEEgTp2z3dbEDGJGfP6VUnkQnlReg==",
			"cpu": [
				"x64"
			],
			"dev": true,
			"license": "MIT",
			"optional": true,
			"os": [
				"android"
			],
			"engines": {
				"node": ">=18"
			}
		},
		"node_modules/@esbuild/darwin-arm64": {
			"version": "0.23.1",
			"resolved": "https://registry.npmjs.org/@esbuild/darwin-arm64/-/darwin-arm64-0.23.1.tgz",
			"integrity": "sha512-YsS2e3Wtgnw7Wq53XXBLcV6JhRsEq8hkfg91ESVadIrzr9wO6jJDMZnCQbHm1Guc5t/CdDiFSSfWP58FNuvT3Q==",
			"cpu": [
				"arm64"
			],
			"dev": true,
			"license": "MIT",
			"optional": true,
			"os": [
				"darwin"
			],
			"engines": {
				"node": ">=18"
			}
		},
		"node_modules/@esbuild/darwin-x64": {
			"version": "0.23.1",
			"resolved": "https://registry.npmjs.org/@esbuild/darwin-x64/-/darwin-x64-0.23.1.tgz",
			"integrity": "sha512-aClqdgTDVPSEGgoCS8QDG37Gu8yc9lTHNAQlsztQ6ENetKEO//b8y31MMu2ZaPbn4kVsIABzVLXYLhCGekGDqw==",
			"cpu": [
				"x64"
			],
			"dev": true,
			"license": "MIT",
			"optional": true,
			"os": [
				"darwin"
			],
			"engines": {
				"node": ">=18"
			}
		},
		"node_modules/@esbuild/freebsd-arm64": {
			"version": "0.23.1",
			"resolved": "https://registry.npmjs.org/@esbuild/freebsd-arm64/-/freebsd-arm64-0.23.1.tgz",
			"integrity": "sha512-h1k6yS8/pN/NHlMl5+v4XPfikhJulk4G+tKGFIOwURBSFzE8bixw1ebjluLOjfwtLqY0kewfjLSrO6tN2MgIhA==",
			"cpu": [
				"arm64"
			],
			"dev": true,
			"license": "MIT",
			"optional": true,
			"os": [
				"freebsd"
			],
			"engines": {
				"node": ">=18"
			}
		},
		"node_modules/@esbuild/freebsd-x64": {
			"version": "0.23.1",
			"resolved": "https://registry.npmjs.org/@esbuild/freebsd-x64/-/freebsd-x64-0.23.1.tgz",
			"integrity": "sha512-lK1eJeyk1ZX8UklqFd/3A60UuZ/6UVfGT2LuGo3Wp4/z7eRTRYY+0xOu2kpClP+vMTi9wKOfXi2vjUpO1Ro76g==",
			"cpu": [
				"x64"
			],
			"dev": true,
			"license": "MIT",
			"optional": true,
			"os": [
				"freebsd"
			],
			"engines": {
				"node": ">=18"
			}
		},
		"node_modules/@esbuild/linux-arm": {
			"version": "0.23.1",
			"resolved": "https://registry.npmjs.org/@esbuild/linux-arm/-/linux-arm-0.23.1.tgz",
			"integrity": "sha512-CXXkzgn+dXAPs3WBwE+Kvnrf4WECwBdfjfeYHpMeVxWE0EceB6vhWGShs6wi0IYEqMSIzdOF1XjQ/Mkm5d7ZdQ==",
			"cpu": [
				"arm"
			],
			"dev": true,
			"license": "MIT",
			"optional": true,
			"os": [
				"linux"
			],
			"engines": {
				"node": ">=18"
			}
		},
		"node_modules/@esbuild/linux-arm64": {
			"version": "0.23.1",
			"resolved": "https://registry.npmjs.org/@esbuild/linux-arm64/-/linux-arm64-0.23.1.tgz",
			"integrity": "sha512-/93bf2yxencYDnItMYV/v116zff6UyTjo4EtEQjUBeGiVpMmffDNUyD9UN2zV+V3LRV3/on4xdZ26NKzn6754g==",
			"cpu": [
				"arm64"
			],
			"dev": true,
			"license": "MIT",
			"optional": true,
			"os": [
				"linux"
			],
			"engines": {
				"node": ">=18"
			}
		},
		"node_modules/@esbuild/linux-ia32": {
			"version": "0.23.1",
			"resolved": "https://registry.npmjs.org/@esbuild/linux-ia32/-/linux-ia32-0.23.1.tgz",
			"integrity": "sha512-VTN4EuOHwXEkXzX5nTvVY4s7E/Krz7COC8xkftbbKRYAl96vPiUssGkeMELQMOnLOJ8k3BY1+ZY52tttZnHcXQ==",
			"cpu": [
				"ia32"
			],
			"dev": true,
			"license": "MIT",
			"optional": true,
			"os": [
				"linux"
			],
			"engines": {
				"node": ">=18"
			}
		},
		"node_modules/@esbuild/linux-loong64": {
			"version": "0.23.1",
			"resolved": "https://registry.npmjs.org/@esbuild/linux-loong64/-/linux-loong64-0.23.1.tgz",
			"integrity": "sha512-Vx09LzEoBa5zDnieH8LSMRToj7ir/Jeq0Gu6qJ/1GcBq9GkfoEAoXvLiW1U9J1qE/Y/Oyaq33w5p2ZWrNNHNEw==",
			"cpu": [
				"loong64"
			],
			"dev": true,
			"license": "MIT",
			"optional": true,
			"os": [
				"linux"
			],
			"engines": {
				"node": ">=18"
			}
		},
		"node_modules/@esbuild/linux-mips64el": {
			"version": "0.23.1",
			"resolved": "https://registry.npmjs.org/@esbuild/linux-mips64el/-/linux-mips64el-0.23.1.tgz",
			"integrity": "sha512-nrFzzMQ7W4WRLNUOU5dlWAqa6yVeI0P78WKGUo7lg2HShq/yx+UYkeNSE0SSfSure0SqgnsxPvmAUu/vu0E+3Q==",
			"cpu": [
				"mips64el"
			],
			"dev": true,
			"license": "MIT",
			"optional": true,
			"os": [
				"linux"
			],
			"engines": {
				"node": ">=18"
			}
		},
		"node_modules/@esbuild/linux-ppc64": {
			"version": "0.23.1",
			"resolved": "https://registry.npmjs.org/@esbuild/linux-ppc64/-/linux-ppc64-0.23.1.tgz",
			"integrity": "sha512-dKN8fgVqd0vUIjxuJI6P/9SSSe/mB9rvA98CSH2sJnlZ/OCZWO1DJvxj8jvKTfYUdGfcq2dDxoKaC6bHuTlgcw==",
			"cpu": [
				"ppc64"
			],
			"dev": true,
			"license": "MIT",
			"optional": true,
			"os": [
				"linux"
			],
			"engines": {
				"node": ">=18"
			}
		},
		"node_modules/@esbuild/linux-riscv64": {
			"version": "0.23.1",
			"resolved": "https://registry.npmjs.org/@esbuild/linux-riscv64/-/linux-riscv64-0.23.1.tgz",
			"integrity": "sha512-5AV4Pzp80fhHL83JM6LoA6pTQVWgB1HovMBsLQ9OZWLDqVY8MVobBXNSmAJi//Csh6tcY7e7Lny2Hg1tElMjIA==",
			"cpu": [
				"riscv64"
			],
			"dev": true,
			"license": "MIT",
			"optional": true,
			"os": [
				"linux"
			],
			"engines": {
				"node": ">=18"
			}
		},
		"node_modules/@esbuild/linux-s390x": {
			"version": "0.23.1",
			"resolved": "https://registry.npmjs.org/@esbuild/linux-s390x/-/linux-s390x-0.23.1.tgz",
			"integrity": "sha512-9ygs73tuFCe6f6m/Tb+9LtYxWR4c9yg7zjt2cYkjDbDpV/xVn+68cQxMXCjUpYwEkze2RcU/rMnfIXNRFmSoDw==",
			"cpu": [
				"s390x"
			],
			"dev": true,
			"license": "MIT",
			"optional": true,
			"os": [
				"linux"
			],
			"engines": {
				"node": ">=18"
			}
		},
		"node_modules/@esbuild/linux-x64": {
			"version": "0.23.1",
			"resolved": "https://registry.npmjs.org/@esbuild/linux-x64/-/linux-x64-0.23.1.tgz",
			"integrity": "sha512-EV6+ovTsEXCPAp58g2dD68LxoP/wK5pRvgy0J/HxPGB009omFPv3Yet0HiaqvrIrgPTBuC6wCH1LTOY91EO5hQ==",
			"cpu": [
				"x64"
			],
			"dev": true,
			"license": "MIT",
			"optional": true,
			"os": [
				"linux"
			],
			"engines": {
				"node": ">=18"
			}
		},
		"node_modules/@esbuild/netbsd-x64": {
			"version": "0.23.1",
			"resolved": "https://registry.npmjs.org/@esbuild/netbsd-x64/-/netbsd-x64-0.23.1.tgz",
			"integrity": "sha512-aevEkCNu7KlPRpYLjwmdcuNz6bDFiE7Z8XC4CPqExjTvrHugh28QzUXVOZtiYghciKUacNktqxdpymplil1beA==",
			"cpu": [
				"x64"
			],
			"dev": true,
			"license": "MIT",
			"optional": true,
			"os": [
				"netbsd"
			],
			"engines": {
				"node": ">=18"
			}
		},
		"node_modules/@esbuild/openbsd-arm64": {
			"version": "0.23.1",
			"resolved": "https://registry.npmjs.org/@esbuild/openbsd-arm64/-/openbsd-arm64-0.23.1.tgz",
			"integrity": "sha512-3x37szhLexNA4bXhLrCC/LImN/YtWis6WXr1VESlfVtVeoFJBRINPJ3f0a/6LV8zpikqoUg4hyXw0sFBt5Cr+Q==",
			"cpu": [
				"arm64"
			],
			"dev": true,
			"license": "MIT",
			"optional": true,
			"os": [
				"openbsd"
			],
			"engines": {
				"node": ">=18"
			}
		},
		"node_modules/@esbuild/openbsd-x64": {
			"version": "0.23.1",
			"resolved": "https://registry.npmjs.org/@esbuild/openbsd-x64/-/openbsd-x64-0.23.1.tgz",
			"integrity": "sha512-aY2gMmKmPhxfU+0EdnN+XNtGbjfQgwZj43k8G3fyrDM/UdZww6xrWxmDkuz2eCZchqVeABjV5BpildOrUbBTqA==",
			"cpu": [
				"x64"
			],
			"dev": true,
			"license": "MIT",
			"optional": true,
			"os": [
				"openbsd"
			],
			"engines": {
				"node": ">=18"
			}
		},
		"node_modules/@esbuild/sunos-x64": {
			"version": "0.23.1",
			"resolved": "https://registry.npmjs.org/@esbuild/sunos-x64/-/sunos-x64-0.23.1.tgz",
			"integrity": "sha512-RBRT2gqEl0IKQABT4XTj78tpk9v7ehp+mazn2HbUeZl1YMdaGAQqhapjGTCe7uw7y0frDi4gS0uHzhvpFuI1sA==",
			"cpu": [
				"x64"
			],
			"dev": true,
			"license": "MIT",
			"optional": true,
			"os": [
				"sunos"
			],
			"engines": {
				"node": ">=18"
			}
		},
		"node_modules/@esbuild/win32-arm64": {
			"version": "0.23.1",
			"resolved": "https://registry.npmjs.org/@esbuild/win32-arm64/-/win32-arm64-0.23.1.tgz",
			"integrity": "sha512-4O+gPR5rEBe2FpKOVyiJ7wNDPA8nGzDuJ6gN4okSA1gEOYZ67N8JPk58tkWtdtPeLz7lBnY6I5L3jdsr3S+A6A==",
			"cpu": [
				"arm64"
			],
			"dev": true,
			"license": "MIT",
			"optional": true,
			"os": [
				"win32"
			],
			"engines": {
				"node": ">=18"
			}
		},
		"node_modules/@esbuild/win32-ia32": {
			"version": "0.23.1",
			"resolved": "https://registry.npmjs.org/@esbuild/win32-ia32/-/win32-ia32-0.23.1.tgz",
			"integrity": "sha512-BcaL0Vn6QwCwre3Y717nVHZbAa4UBEigzFm6VdsVdT/MbZ38xoj1X9HPkZhbmaBGUD1W8vxAfffbDe8bA6AKnQ==",
			"cpu": [
				"ia32"
			],
			"dev": true,
			"license": "MIT",
			"optional": true,
			"os": [
				"win32"
			],
			"engines": {
				"node": ">=18"
			}
		},
		"node_modules/@esbuild/win32-x64": {
			"version": "0.23.1",
			"resolved": "https://registry.npmjs.org/@esbuild/win32-x64/-/win32-x64-0.23.1.tgz",
			"integrity": "sha512-BHpFFeslkWrXWyUPnbKm+xYYVYruCinGcftSBaa8zoF9hZO4BcSCFUvHVTtzpIY6YzUnYtuEhZ+C9iEXjxnasg==",
			"cpu": [
				"x64"
			],
			"dev": true,
			"license": "MIT",
			"optional": true,
			"os": [
				"win32"
			],
			"engines": {
				"node": ">=18"
			}
		},
		"node_modules/@interacta/css-labels": {
			"version": "0.1.1",
			"resolved": "https://registry.npmjs.org/@interacta/css-labels/-/css-labels-0.1.1.tgz",
			"integrity": "sha512-1XlnE0rXWzLkHV4tkhrS3qJV4GkIPgZ0U9joY0KdHK4lh7KsNu7Od9auudh9gKyEI7108ih0AKK82NEW5fi7rQ==",
			"hasInstallScript": true,
			"license": "MIT"
		},
		"node_modules/@juggle/resize-observer": {
			"version": "3.4.0",
			"resolved": "https://registry.npmjs.org/@juggle/resize-observer/-/resize-observer-3.4.0.tgz",
			"integrity": "sha512-dfLbk+PwWvFzSxwk3n5ySL0hfBog779o8h68wK/7/APo/7cgyWp5jcXockbxdk5kFRkbeXWm4Fbi9FrdN381sA==",
			"license": "Apache-2.0"
		},
		"node_modules/@swc/helpers": {
			"version": "0.5.13",
			"resolved": "https://registry.npmjs.org/@swc/helpers/-/helpers-0.5.13.tgz",
			"integrity": "sha512-UoKGxQ3r5kYI9dALKJapMmuK+1zWM/H17Z1+iwnNmzcJRnfFuevZs375TA5rW31pu4BS4NoSy1fRsexDXfWn5w==",
			"license": "Apache-2.0",
			"dependencies": {
				"tslib": "^2.4.0"
			}
		},
		"node_modules/@types/command-line-args": {
			"version": "5.2.3",
			"resolved": "https://registry.npmjs.org/@types/command-line-args/-/command-line-args-5.2.3.tgz",
			"integrity": "sha512-uv0aG6R0Y8WHZLTamZwtfsDLVRnOa+n+n5rEvFWL5Na5gZ8V2Teab/duDPFzIIIhs9qizDpcavCusCLJZu62Kw==",
			"license": "MIT"
		},
		"node_modules/@types/command-line-usage": {
			"version": "5.0.4",
			"resolved": "https://registry.npmjs.org/@types/command-line-usage/-/command-line-usage-5.0.4.tgz",
			"integrity": "sha512-BwR5KP3Es/CSht0xqBcUXS3qCAUVXwpRKsV2+arxeb65atasuXG9LykC9Ab10Cw3s2raH92ZqOeILaQbsB2ACg==",
			"license": "MIT"
		},
		"node_modules/@types/node": {
			"version": "20.16.5",
			"resolved": "https://registry.npmjs.org/@types/node/-/node-20.16.5.tgz",
			"integrity": "sha512-VwYCweNo3ERajwy0IUlqqcyZ8/A7Zwa9ZP3MnENWcB11AejO+tLy3pu850goUW2FC/IJMdZUfKpX/yxL1gymCA==",
			"license": "MIT",
			"dependencies": {
				"undici-types": "~6.19.2"
			}
		},
		"node_modules/@uwdata/mosaic-core": {
			"version": "0.10.0",
			"resolved": "https://registry.npmjs.org/@uwdata/mosaic-core/-/mosaic-core-0.10.0.tgz",
			"integrity": "sha512-0/KpAlzh6TrnwBn6kNtUV5VMB9ktswO9eCWjLVnzr21KREPN/RAUYUi03ZPvdNtHzJchKc3EVCAx5hGFDqdsKQ==",
			"license": "BSD-3-Clause",
			"dependencies": {
				"@duckdb/duckdb-wasm": "^1.28.1-dev232.0",
				"@uwdata/mosaic-sql": "^0.10.0",
				"apache-arrow": "^16.1.0"
			}
		},
		"node_modules/@uwdata/mosaic-core/node_modules/apache-arrow": {
			"version": "16.1.0",
			"resolved": "https://registry.npmjs.org/apache-arrow/-/apache-arrow-16.1.0.tgz",
			"integrity": "sha512-G6GiM6tzPDdGnKUnVkvVr1Nt5+hUaCMBISiasMSiJwI5L5GKDv5Du7Avc2kxlFfB/LEK2LTqh2GKSxutMdf8vQ==",
			"license": "Apache-2.0",
			"dependencies": {
				"@swc/helpers": "^0.5.10",
				"@types/command-line-args": "^5.2.3",
				"@types/command-line-usage": "^5.0.4",
				"@types/node": "^20.12.7",
				"command-line-args": "^5.2.1",
				"command-line-usage": "^7.0.1",
				"flatbuffers": "^24.3.25",
				"json-bignum": "^0.0.3",
				"tslib": "^2.6.2"
			},
			"bin": {
				"arrow2csv": "bin/arrow2csv.cjs"
			}
		},
		"node_modules/@uwdata/mosaic-sql": {
			"version": "0.10.0",
			"resolved": "https://registry.npmjs.org/@uwdata/mosaic-sql/-/mosaic-sql-0.10.0.tgz",
			"integrity": "sha512-tPsgrHO8zTwLFMBR+BiG4fskK9RSbH+nXS9ju8433NDq3qicAq4Z46CnYpCs0vWIR7AUAxMvncqP6YPbiQhOug==",
			"license": "BSD-3-Clause"
		},
		"node_modules/ansi-styles": {
			"version": "4.3.0",
			"resolved": "https://registry.npmjs.org/ansi-styles/-/ansi-styles-4.3.0.tgz",
			"integrity": "sha512-zbB9rCJAT1rbjiVDb2hqKFHNYLxgtk8NURxZ3IZwD3F6NtxbXZQCnnSi1Lkx+IDohdPlFp222wVALIheZJQSEg==",
			"license": "MIT",
			"dependencies": {
				"color-convert": "^2.0.1"
			},
			"engines": {
				"node": ">=8"
			},
			"funding": {
				"url": "https://github.com/chalk/ansi-styles?sponsor=1"
			}
		},
		"node_modules/apache-arrow": {
			"version": "17.0.0",
			"resolved": "https://registry.npmjs.org/apache-arrow/-/apache-arrow-17.0.0.tgz",
			"integrity": "sha512-X0p7auzdnGuhYMVKYINdQssS4EcKec9TCXyez/qtJt32DrIMGbzqiaMiQ0X6fQlQpw8Fl0Qygcv4dfRAr5Gu9Q==",
			"license": "Apache-2.0",
			"dependencies": {
				"@swc/helpers": "^0.5.11",
				"@types/command-line-args": "^5.2.3",
				"@types/command-line-usage": "^5.0.4",
				"@types/node": "^20.13.0",
				"command-line-args": "^5.2.1",
				"command-line-usage": "^7.0.1",
				"flatbuffers": "^24.3.25",
				"json-bignum": "^0.0.3",
				"tslib": "^2.6.2"
			},
			"bin": {
				"arrow2csv": "bin/arrow2csv.cjs"
			}
		},
		"node_modules/array-back": {
			"version": "3.1.0",
			"resolved": "https://registry.npmjs.org/array-back/-/array-back-3.1.0.tgz",
			"integrity": "sha512-TkuxA4UCOvxuDK6NZYXCalszEzj+TLszyASooky+i742l9TqsOdYCMJJupxRic61hwquNtppB3hgcuq9SVSH1Q==",
			"license": "MIT",
			"engines": {
				"node": ">=6"
			}
		},
		"node_modules/chalk": {
			"version": "4.1.2",
			"resolved": "https://registry.npmjs.org/chalk/-/chalk-4.1.2.tgz",
			"integrity": "sha512-oKnbhFyRIXpUuez8iBMmyEa4nbj4IOQyuhc/wy9kY7/WVPcwIO9VA668Pu8RkO7+0G76SLROeyw9CpQ061i4mA==",
			"license": "MIT",
			"dependencies": {
				"ansi-styles": "^4.1.0",
				"supports-color": "^7.1.0"
			},
			"engines": {
				"node": ">=10"
			},
			"funding": {
				"url": "https://github.com/chalk/chalk?sponsor=1"
			}
		},
		"node_modules/chalk-template": {
			"version": "0.4.0",
			"resolved": "https://registry.npmjs.org/chalk-template/-/chalk-template-0.4.0.tgz",
			"integrity": "sha512-/ghrgmhfY8RaSdeo43hNXxpoHAtxdbskUHjPpfqUWGttFgycUhYPGx3YZBCnUCvOa7Doivn1IZec3DEGFoMgLg==",
			"license": "MIT",
			"dependencies": {
				"chalk": "^4.1.2"
			},
			"engines": {
				"node": ">=12"
			},
			"funding": {
				"url": "https://github.com/chalk/chalk-template?sponsor=1"
			}
		},
		"node_modules/color-convert": {
			"version": "2.0.1",
			"resolved": "https://registry.npmjs.org/color-convert/-/color-convert-2.0.1.tgz",
			"integrity": "sha512-RRECPsj7iu/xb5oKYcsFHSppFNnsj/52OVTRKb4zP5onXwVF3zVmmToNcOfGC+CRDpfK/U584fMg38ZHCaElKQ==",
			"license": "MIT",
			"dependencies": {
				"color-name": "~1.1.4"
			},
			"engines": {
				"node": ">=7.0.0"
			}
		},
		"node_modules/color-name": {
			"version": "1.1.4",
			"resolved": "https://registry.npmjs.org/color-name/-/color-name-1.1.4.tgz",
			"integrity": "sha512-dOy+3AuW3a2wNbZHIuMZpTcgjGuLU/uBL/ubcZF9OXbDo8ff4O8yVp5Bf0efS8uEoYo5q4Fx7dY9OgQGXgAsQA==",
			"license": "MIT"
		},
		"node_modules/command-line-args": {
			"version": "5.2.1",
			"resolved": "https://registry.npmjs.org/command-line-args/-/command-line-args-5.2.1.tgz",
			"integrity": "sha512-H4UfQhZyakIjC74I9d34fGYDwk3XpSr17QhEd0Q3I9Xq1CETHo4Hcuo87WyWHpAF1aSLjLRf5lD9ZGX2qStUvg==",
			"license": "MIT",
			"dependencies": {
				"array-back": "^3.1.0",
				"find-replace": "^3.0.0",
				"lodash.camelcase": "^4.3.0",
				"typical": "^4.0.0"
			},
			"engines": {
				"node": ">=4.0.0"
			}
		},
		"node_modules/command-line-usage": {
			"version": "7.0.3",
			"resolved": "https://registry.npmjs.org/command-line-usage/-/command-line-usage-7.0.3.tgz",
			"integrity": "sha512-PqMLy5+YGwhMh1wS04mVG44oqDsgyLRSKJBdOo1bnYhMKBW65gZF1dRp2OZRhiTjgUHljy99qkO7bsctLaw35Q==",
			"license": "MIT",
			"dependencies": {
				"array-back": "^6.2.2",
				"chalk-template": "^0.4.0",
				"table-layout": "^4.1.0",
				"typical": "^7.1.1"
			},
			"engines": {
				"node": ">=12.20.0"
			}
		},
		"node_modules/command-line-usage/node_modules/array-back": {
			"version": "6.2.2",
			"resolved": "https://registry.npmjs.org/array-back/-/array-back-6.2.2.tgz",
			"integrity": "sha512-gUAZ7HPyb4SJczXAMUXMGAvI976JoK3qEx9v1FTmeYuJj0IBiaKttG1ydtGKdkfqWkIkouke7nG8ufGy77+Cvw==",
			"license": "MIT",
			"engines": {
				"node": ">=12.17"
			}
		},
		"node_modules/command-line-usage/node_modules/typical": {
			"version": "7.2.0",
			"resolved": "https://registry.npmjs.org/typical/-/typical-7.2.0.tgz",
			"integrity": "sha512-W1+HdVRUl8fS3MZ9ogD51GOb46xMmhAZzR0WPw5jcgIZQJVvkddYzAl4YTU6g5w33Y1iRQLdIi2/1jhi2RNL0g==",
			"license": "MIT",
			"engines": {
				"node": ">=12.17"
			}
		},
		"node_modules/d3-array": {
			"version": "3.2.4",
			"resolved": "https://registry.npmjs.org/d3-array/-/d3-array-3.2.4.tgz",
			"integrity": "sha512-tdQAmyA18i4J7wprpYq8ClcxZy3SC31QMeByyCFyRt7BVHdREQZ5lpzoe5mFEYZUWe+oq8HBvk9JjpibyEV4Jg==",
			"license": "ISC",
			"dependencies": {
				"internmap": "1 - 2"
			},
			"engines": {
				"node": ">=12"
			}
		},
		"node_modules/d3-axis": {
			"version": "3.0.0",
			"resolved": "https://registry.npmjs.org/d3-axis/-/d3-axis-3.0.0.tgz",
			"integrity": "sha512-IH5tgjV4jE/GhHkRV0HiVYPDtvfjHQlQfJHs0usq7M30XcSBvOotpmH1IgkcXsO/5gEQZD43B//fc7SRT5S+xw==",
			"license": "ISC",
			"engines": {
				"node": ">=12"
			}
		},
		"node_modules/d3-brush": {
			"version": "3.0.0",
			"resolved": "https://registry.npmjs.org/d3-brush/-/d3-brush-3.0.0.tgz",
			"integrity": "sha512-ALnjWlVYkXsVIGlOsuWH1+3udkYFI48Ljihfnh8FZPF2QS9o+PzGLBslO0PjzVoHLZ2KCVgAM8NVkXPJB2aNnQ==",
			"license": "ISC",
			"dependencies": {
				"d3-dispatch": "1 - 3",
				"d3-drag": "2 - 3",
				"d3-interpolate": "1 - 3",
				"d3-selection": "3",
				"d3-transition": "3"
			},
			"engines": {
				"node": ">=12"
			}
		},
		"node_modules/d3-color": {
			"version": "3.1.0",
			"resolved": "https://registry.npmjs.org/d3-color/-/d3-color-3.1.0.tgz",
			"integrity": "sha512-zg/chbXyeBtMQ1LbD/WSoW2DpC3I0mpmPdW+ynRTj/x2DAWYrIY7qeZIHidozwV24m4iavr15lNwIwLxRmOxhA==",
			"license": "ISC",
			"engines": {
				"node": ">=12"
			}
		},
		"node_modules/d3-dispatch": {
			"version": "3.0.1",
			"resolved": "https://registry.npmjs.org/d3-dispatch/-/d3-dispatch-3.0.1.tgz",
			"integrity": "sha512-rzUyPU/S7rwUflMyLc1ETDeBj0NRuHKKAcvukozwhshr6g6c5d8zh4c2gQjY2bZ0dXeGLWc1PF174P2tVvKhfg==",
			"license": "ISC",
			"engines": {
				"node": ">=12"
			}
		},
		"node_modules/d3-drag": {
			"version": "3.0.0",
			"resolved": "https://registry.npmjs.org/d3-drag/-/d3-drag-3.0.0.tgz",
			"integrity": "sha512-pWbUJLdETVA8lQNJecMxoXfH6x+mO2UQo8rSmZ+QqxcbyA3hfeprFgIT//HW2nlHChWeIIMwS2Fq+gEARkhTkg==",
			"license": "ISC",
			"dependencies": {
				"d3-dispatch": "1 - 3",
				"d3-selection": "3"
			},
			"engines": {
				"node": ">=12"
			}
		},
		"node_modules/d3-ease": {
			"version": "3.0.1",
			"resolved": "https://registry.npmjs.org/d3-ease/-/d3-ease-3.0.1.tgz",
			"integrity": "sha512-wR/XK3D3XcLIZwpbvQwQ5fK+8Ykds1ip7A2Txe0yxncXSdq1L9skcG7blcedkOX+ZcgxGAmLX1FrRGbADwzi0w==",
			"license": "BSD-3-Clause",
			"engines": {
				"node": ">=12"
			}
		},
		"node_modules/d3-format": {
			"version": "3.1.0",
			"resolved": "https://registry.npmjs.org/d3-format/-/d3-format-3.1.0.tgz",
			"integrity": "sha512-YyUI6AEuY/Wpt8KWLgZHsIU86atmikuoOmCfommt0LYHiQSPjvX2AcFc38PX0CBpr2RCyZhjex+NS/LPOv6YqA==",
			"license": "ISC",
			"engines": {
				"node": ">=12"
			}
		},
		"node_modules/d3-interpolate": {
			"version": "3.0.1",
			"resolved": "https://registry.npmjs.org/d3-interpolate/-/d3-interpolate-3.0.1.tgz",
			"integrity": "sha512-3bYs1rOD33uo8aqJfKP3JWPAibgw8Zm2+L9vBKEHJ2Rg+viTR7o5Mmv5mZcieN+FRYaAOWX5SJATX6k1PWz72g==",
			"license": "ISC",
			"dependencies": {
				"d3-color": "1 - 3"
			},
			"engines": {
				"node": ">=12"
			}
		},
		"node_modules/d3-scale": {
			"version": "4.0.2",
			"resolved": "https://registry.npmjs.org/d3-scale/-/d3-scale-4.0.2.tgz",
			"integrity": "sha512-GZW464g1SH7ag3Y7hXjf8RoUuAFIqklOAq3MRl4OaWabTFJY9PN/E1YklhXLh+OQ3fM9yS2nOkCoS+WLZ6kvxQ==",
			"license": "ISC",
			"dependencies": {
				"d3-array": "2.10.0 - 3",
				"d3-format": "1 - 3",
				"d3-interpolate": "1.2.0 - 3",
				"d3-time": "2.1.1 - 3",
				"d3-time-format": "2 - 4"
			},
			"engines": {
				"node": ">=12"
			}
		},
		"node_modules/d3-selection": {
			"version": "3.0.0",
			"resolved": "https://registry.npmjs.org/d3-selection/-/d3-selection-3.0.0.tgz",
			"integrity": "sha512-fmTRWbNMmsmWq6xJV8D19U/gw/bwrHfNXxrIN+HfZgnzqTHp9jOmKMhsTUjXOJnZOdZY9Q28y4yebKzqDKlxlQ==",
			"license": "ISC",
			"engines": {
				"node": ">=12"
			}
		},
		"node_modules/d3-time": {
			"version": "3.1.0",
			"resolved": "https://registry.npmjs.org/d3-time/-/d3-time-3.1.0.tgz",
			"integrity": "sha512-VqKjzBLejbSMT4IgbmVgDjpkYrNWUYJnbCGo874u7MMKIWsILRX+OpX/gTk8MqjpT1A/c6HY2dCA77ZN0lkQ2Q==",
			"license": "ISC",
			"dependencies": {
				"d3-array": "2 - 3"
			},
			"engines": {
				"node": ">=12"
			}
		},
		"node_modules/d3-time-format": {
			"version": "4.1.0",
			"resolved": "https://registry.npmjs.org/d3-time-format/-/d3-time-format-4.1.0.tgz",
			"integrity": "sha512-dJxPBlzC7NugB2PDLwo9Q8JiTR3M3e4/XANkreKSUxF8vvXKqm1Yfq4Q5dl8budlunRVlUUaDUgFt7eA8D6NLg==",
			"license": "ISC",
			"dependencies": {
				"d3-time": "1 - 3"
			},
			"engines": {
				"node": ">=12"
			}
		},
		"node_modules/d3-timer": {
			"version": "3.0.1",
			"resolved": "https://registry.npmjs.org/d3-timer/-/d3-timer-3.0.1.tgz",
			"integrity": "sha512-ndfJ/JxxMd3nw31uyKoY2naivF+r29V+Lc0svZxe1JvvIRmi8hUsrMvdOwgS1o6uBHmiz91geQ0ylPP0aj1VUA==",
			"license": "ISC",
			"engines": {
				"node": ">=12"
			}
		},
		"node_modules/d3-transition": {
			"version": "3.0.1",
			"resolved": "https://registry.npmjs.org/d3-transition/-/d3-transition-3.0.1.tgz",
			"integrity": "sha512-ApKvfjsSR6tg06xrL434C0WydLr7JewBB3V+/39RMHsaXTOG0zmt/OAXeng5M5LBm0ojmxJrpomQVZ1aPvBL4w==",
			"license": "ISC",
			"dependencies": {
				"d3-color": "1 - 3",
				"d3-dispatch": "1 - 3",
				"d3-ease": "1 - 3",
				"d3-interpolate": "1 - 3",
				"d3-timer": "1 - 3"
			},
			"engines": {
				"node": ">=12"
			},
			"peerDependencies": {
				"d3-selection": "2 - 3"
			}
		},
		"node_modules/d3-zoom": {
			"version": "3.0.0",
			"resolved": "https://registry.npmjs.org/d3-zoom/-/d3-zoom-3.0.0.tgz",
			"integrity": "sha512-b8AmV3kfQaqWAuacbPuNbL6vahnOJflOhexLzMMNLga62+/nh0JzvJ0aO/5a5MVgUFGS7Hu1P9P03o3fJkDCyw==",
			"license": "ISC",
			"dependencies": {
				"d3-dispatch": "1 - 3",
				"d3-drag": "2 - 3",
				"d3-interpolate": "1 - 3",
				"d3-selection": "2 - 3",
				"d3-transition": "2 - 3"
			},
			"engines": {
				"node": ">=12"
			}
		},
		"node_modules/esbuild": {
			"version": "0.23.1",
			"resolved": "https://registry.npmjs.org/esbuild/-/esbuild-0.23.1.tgz",
			"integrity": "sha512-VVNz/9Sa0bs5SELtn3f7qhJCDPCF5oMEl5cO9/SSinpE9hbPVvxbd572HH5AKiP7WD8INO53GgfDDhRjkylHEg==",
			"dev": true,
			"hasInstallScript": true,
			"license": "MIT",
			"bin": {
				"esbuild": "bin/esbuild"
			},
			"engines": {
				"node": ">=18"
			},
			"optionalDependencies": {
				"@esbuild/aix-ppc64": "0.23.1",
				"@esbuild/android-arm": "0.23.1",
				"@esbuild/android-arm64": "0.23.1",
				"@esbuild/android-x64": "0.23.1",
				"@esbuild/darwin-arm64": "0.23.1",
				"@esbuild/darwin-x64": "0.23.1",
				"@esbuild/freebsd-arm64": "0.23.1",
				"@esbuild/freebsd-x64": "0.23.1",
				"@esbuild/linux-arm": "0.23.1",
				"@esbuild/linux-arm64": "0.23.1",
				"@esbuild/linux-ia32": "0.23.1",
				"@esbuild/linux-loong64": "0.23.1",
				"@esbuild/linux-mips64el": "0.23.1",
				"@esbuild/linux-ppc64": "0.23.1",
				"@esbuild/linux-riscv64": "0.23.1",
				"@esbuild/linux-s390x": "0.23.1",
				"@esbuild/linux-x64": "0.23.1",
				"@esbuild/netbsd-x64": "0.23.1",
				"@esbuild/openbsd-arm64": "0.23.1",
				"@esbuild/openbsd-x64": "0.23.1",
				"@esbuild/sunos-x64": "0.23.1",
				"@esbuild/win32-arm64": "0.23.1",
				"@esbuild/win32-ia32": "0.23.1",
				"@esbuild/win32-x64": "0.23.1"
			}
		},
		"node_modules/find-replace": {
			"version": "3.0.0",
			"resolved": "https://registry.npmjs.org/find-replace/-/find-replace-3.0.0.tgz",
			"integrity": "sha512-6Tb2myMioCAgv5kfvP5/PkZZ/ntTpVK39fHY7WkWBgvbeE+VHd/tZuZ4mrC+bxh4cfOZeYKVPaJIZtZXV7GNCQ==",
			"license": "MIT",
			"dependencies": {
				"array-back": "^3.0.1"
			},
			"engines": {
				"node": ">=4.0.0"
			}
		},
		"node_modules/flatbuffers": {
			"version": "24.3.25",
			"resolved": "https://registry.npmjs.org/flatbuffers/-/flatbuffers-24.3.25.tgz",
			"integrity": "sha512-3HDgPbgiwWMI9zVB7VYBHaMrbOO7Gm0v+yD2FV/sCKj+9NDeVL7BOBYUuhWAQGKWOzBo8S9WdMvV0eixO233XQ==",
			"license": "Apache-2.0"
		},
		"node_modules/gl-bench": {
			"version": "1.0.42",
			"resolved": "https://registry.npmjs.org/gl-bench/-/gl-bench-1.0.42.tgz",
			"integrity": "sha512-zuMsA/NCPmI8dPy6q3zTUH8OUM5cqKg7uVWwqzrtXJPBqoypM0XeFWEc8iFOqbf/1qtXieWOrbmgFEByKTQt4Q==",
			"license": "MIT"
		},
		"node_modules/gl-matrix": {
			"version": "3.4.3",
			"resolved": "https://registry.npmjs.org/gl-matrix/-/gl-matrix-3.4.3.tgz",
			"integrity": "sha512-wcCp8vu8FT22BnvKVPjXa/ICBWRq/zjFfdofZy1WSpQZpphblv12/bOQLBC1rMM7SGOFS9ltVmKOHil5+Ml7gA==",
			"license": "MIT"
		},
		"node_modules/has-flag": {
			"version": "4.0.0",
			"resolved": "https://registry.npmjs.org/has-flag/-/has-flag-4.0.0.tgz",
			"integrity": "sha512-EykJT/Q1KjTWctppgIAgfSO0tKVuZUjhgMr17kqTumMl6Afv3EISleU7qZUzoXDFTAHTDC4NOoG/ZxU3EvlMPQ==",
			"license": "MIT",
			"engines": {
				"node": ">=8"
			}
		},
		"node_modules/internmap": {
			"version": "2.0.3",
			"resolved": "https://registry.npmjs.org/internmap/-/internmap-2.0.3.tgz",
			"integrity": "sha512-5Hh7Y1wQbvY5ooGgPbDaL5iYLAPzMTUrjMulskHLH6wnv/A+1q5rgEaiuqEjB+oxGXIVZs1FF+R/KPN3ZSQYYg==",
			"license": "ISC",
			"engines": {
				"node": ">=12"
			}
		},
		"node_modules/json-bignum": {
			"version": "0.0.3",
			"resolved": "https://registry.npmjs.org/json-bignum/-/json-bignum-0.0.3.tgz",
			"integrity": "sha512-2WHyXj3OfHSgNyuzDbSxI1w2jgw5gkWSWhS7Qg4bWXx1nLk3jnbwfUeS0PSba3IzpTUWdHxBieELUzXRjQB2zg==",
			"engines": {
				"node": ">=0.8"
			}
		},
		"node_modules/lodash.camelcase": {
			"version": "4.3.0",
			"resolved": "https://registry.npmjs.org/lodash.camelcase/-/lodash.camelcase-4.3.0.tgz",
			"integrity": "sha512-TwuEnCnxbc3rAvhf/LbG7tJUDzhqXyFnv3dtzLOPgCG/hODL7WFnsbwktkD7yUV0RrreP/l1PALq/YSg6VvjlA==",
			"license": "MIT"
		},
		"node_modules/random": {
			"version": "4.1.0",
			"resolved": "https://registry.npmjs.org/random/-/random-4.1.0.tgz",
			"integrity": "sha512-6Ajb7XmMSE9EFAMGC3kg9mvE7fGlBip25mYYuSMzw/uUSrmGilvZo2qwX3RnTRjwXkwkS+4swse9otZ92VjAtQ==",
			"license": "MIT",
			"dependencies": {
				"seedrandom": "^3.0.5"
			},
			"engines": {
				"node": ">=14"
			}
		},
		"node_modules/regl": {
			"version": "2.1.0",
			"resolved": "https://registry.npmjs.org/regl/-/regl-2.1.0.tgz",
			"integrity": "sha512-oWUce/aVoEvW5l2V0LK7O5KJMzUSKeiOwFuJehzpSFd43dO5spP9r+sSUfhKtsky4u6MCqWJaRL+abzExynfTg==",
			"license": "MIT"
		},
		"node_modules/seedrandom": {
			"version": "3.0.5",
			"resolved": "https://registry.npmjs.org/seedrandom/-/seedrandom-3.0.5.tgz",
			"integrity": "sha512-8OwmbklUNzwezjGInmZ+2clQmExQPvomqjL7LFqOYqtmuxRgQYqOD3mHaU+MvZn5FLUeVxVfQjwLZW/n/JFuqg==",
			"license": "MIT"
		},
		"node_modules/supports-color": {
			"version": "7.2.0",
			"resolved": "https://registry.npmjs.org/supports-color/-/supports-color-7.2.0.tgz",
			"integrity": "sha512-qpCAvRl9stuOHveKsn7HncJRvv501qIacKzQlO/+Lwxc9+0q2wLyv4Dfvt80/DPn2pqOBsJdDiogXGR9+OvwRw==",
			"license": "MIT",
			"dependencies": {
				"has-flag": "^4.0.0"
			},
			"engines": {
				"node": ">=8"
			}
		},
		"node_modules/table-layout": {
			"version": "4.1.1",
			"resolved": "https://registry.npmjs.org/table-layout/-/table-layout-4.1.1.tgz",
			"integrity": "sha512-iK5/YhZxq5GO5z8wb0bY1317uDF3Zjpha0QFFLA8/trAoiLbQD0HUbMesEaxyzUgDxi2QlcbM8IvqOlEjgoXBA==",
			"license": "MIT",
			"dependencies": {
				"array-back": "^6.2.2",
				"wordwrapjs": "^5.1.0"
			},
			"engines": {
				"node": ">=12.17"
			}
		},
		"node_modules/table-layout/node_modules/array-back": {
			"version": "6.2.2",
			"resolved": "https://registry.npmjs.org/array-back/-/array-back-6.2.2.tgz",
			"integrity": "sha512-gUAZ7HPyb4SJczXAMUXMGAvI976JoK3qEx9v1FTmeYuJj0IBiaKttG1ydtGKdkfqWkIkouke7nG8ufGy77+Cvw==",
			"license": "MIT",
			"engines": {
				"node": ">=12.17"
			}
		},
		"node_modules/throttle-debounce": {
			"version": "5.0.2",
			"resolved": "https://registry.npmjs.org/throttle-debounce/-/throttle-debounce-5.0.2.tgz",
			"integrity": "sha512-B71/4oyj61iNH0KeCamLuE2rmKuTO5byTOSVwECM5FA7TiAiAW+UqTKZ9ERueC4qvgSttUhdmq1mXC3kJqGX7A==",
			"license": "MIT",
			"engines": {
				"node": ">=12.22"
			}
		},
		"node_modules/tslib": {
			"version": "2.7.0",
			"resolved": "https://registry.npmjs.org/tslib/-/tslib-2.7.0.tgz",
			"integrity": "sha512-gLXCKdN1/j47AiHiOkJN69hJmcbGTHI0ImLmbYLHykhgeN0jVGola9yVjFgzCUklsZQMW55o+dW7IXv3RCXDzA==",
			"license": "0BSD"
		},
		"node_modules/typescript": {
			"version": "5.6.2",
			"resolved": "https://registry.npmjs.org/typescript/-/typescript-5.6.2.tgz",
			"integrity": "sha512-NW8ByodCSNCwZeghjN3o+JX5OFH0Ojg6sadjEKY4huZ52TqbJTJnDo5+Tw98lSy63NZvi4n+ez5m2u5d4PkZyw==",
			"dev": true,
			"license": "Apache-2.0",
			"bin": {
				"tsc": "bin/tsc",
				"tsserver": "bin/tsserver"
			},
			"engines": {
				"node": ">=14.17"
			}
		},
		"node_modules/typical": {
			"version": "4.0.0",
			"resolved": "https://registry.npmjs.org/typical/-/typical-4.0.0.tgz",
			"integrity": "sha512-VAH4IvQ7BDFYglMd7BPRDfLgxZZX4O4TFcRDA6EN5X7erNJJq+McIEp8np9aVtxrCJ6qx4GTYVfOWNjcqwZgRw==",
			"license": "MIT",
			"engines": {
				"node": ">=8"
			}
		},
		"node_modules/undici-types": {
			"version": "6.19.8",
			"resolved": "https://registry.npmjs.org/undici-types/-/undici-types-6.19.8.tgz",
			"integrity": "sha512-ve2KP6f/JnbPBFyobGHuerC9g1FYGn/F8n1LWTwNxCEzd6IfqTwUQcNXgEtmmQ6DlRrC1hrSrBnCZPokRrDHjw==",
			"license": "MIT"
		},
		"node_modules/wordwrapjs": {
			"version": "5.1.0",
			"resolved": "https://registry.npmjs.org/wordwrapjs/-/wordwrapjs-5.1.0.tgz",
			"integrity": "sha512-JNjcULU2e4KJwUNv6CHgI46UvDGitb6dGryHajXTDiLgg1/RiGoPSDw4kZfYnwGtEXf2ZMeIewDQgFGzkCB2Sg==",
			"license": "MIT",
			"engines": {
				"node": ">=12.17"
			}
		}
	}
}
